// !$*UTF8*$!
{
	archiveVersion = 1;
	classes = {
	};
	objectVersion = 56;
	objects = {

/* Begin PBXBuildFile section */
		1C2C0780AA0155FE66D21B9A /* Pods_BenerinAja.framework in Frameworks */ = {isa = PBXBuildFile; fileRef = BDD7A01C0B7633432A456A79 /* Pods_BenerinAja.framework */; };
		8D03E3F12DC3679B00F9ECBC /* BenerinAjaApp.swift in Sources */ = {isa = PBXBuildFile; fileRef = 8D03E3F02DC3679B00F9ECBC /* BenerinAjaApp.swift */; };
		8D03E3F32DC3679B00F9ECBC /* ContentView.swift in Sources */ = {isa = PBXBuildFile; fileRef = 8D03E3F22DC3679B00F9ECBC /* ContentView.swift */; };
		8D03E3F52DC367A200F9ECBC /* Assets.xcassets in Resources */ = {isa = PBXBuildFile; fileRef = 8D03E3F42DC367A200F9ECBC /* Assets.xcassets */; };
		8D03E3F82DC367A200F9ECBC /* Preview Assets.xcassets in Resources */ = {isa = PBXBuildFile; fileRef = 8D03E3F72DC367A200F9ECBC /* Preview Assets.xcassets */; };
		8D03E4002DC3691100F9ECBC /* FirebaseAnalytics in Frameworks */ = {isa = PBXBuildFile; productRef = 8D03E3FF2DC3691100F9ECBC /* FirebaseAnalytics */; };
		8D03E4022DC3691100F9ECBC /* FirebaseAnalyticsOnDeviceConversion in Frameworks */ = {isa = PBXBuildFile; productRef = 8D03E4012DC3691100F9ECBC /* FirebaseAnalyticsOnDeviceConversion */; };
		8D03E4042DC3691100F9ECBC /* FirebaseAnalyticsWithoutAdIdSupport in Frameworks */ = {isa = PBXBuildFile; productRef = 8D03E4032DC3691100F9ECBC /* FirebaseAnalyticsWithoutAdIdSupport */; };
		8D03E4062DC3691100F9ECBC /* FirebaseAppCheck in Frameworks */ = {isa = PBXBuildFile; productRef = 8D03E4052DC3691100F9ECBC /* FirebaseAppCheck */; };
		8D03E4082DC3691100F9ECBC /* FirebaseAppDistribution-Beta in Frameworks */ = {isa = PBXBuildFile; productRef = 8D03E4072DC3691100F9ECBC /* FirebaseAppDistribution-Beta */; };
		8D0DDC092DC4A37200609738 /* OnboardingViewModel.swift in Sources */ = {isa = PBXBuildFile; fileRef = 8D0DDC082DC4A37200609738 /* OnboardingViewModel.swift */; };
		8D0DDC112DC4AB7500609738 /* CategoryView.swift in Sources */ = {isa = PBXBuildFile; fileRef = 8D0DDC102DC4AB7500609738 /* CategoryView.swift */; };
		8D0DDC142DC4ABA200609738 /* HistoryView.swift in Sources */ = {isa = PBXBuildFile; fileRef = 8D0DDC132DC4ABA200609738 /* HistoryView.swift */; };
		8D0DDC162DC4ABB100609738 /* ChatView.swift in Sources */ = {isa = PBXBuildFile; fileRef = 8D0DDC152DC4ABB100609738 /* ChatView.swift */; };
		8D0DDC1A2DC4AC4800609738 /* SigninView.swift in Sources */ = {isa = PBXBuildFile; fileRef = 8D0DDC192DC4AC4800609738 /* SigninView.swift */; };
		8D0DDC202DC4AEAA00609738 /* AuthRepo.swift in Sources */ = {isa = PBXBuildFile; fileRef = 8D0DDC1F2DC4AEAA00609738 /* AuthRepo.swift */; };
		8D0DDC222DC4AF7000609738 /* AppState.swift in Sources */ = {isa = PBXBuildFile; fileRef = 8D0DDC212DC4AF7000609738 /* AppState.swift */; };
		8D0DDC262DC4B52C00609738 /* UserRepo.swift in Sources */ = {isa = PBXBuildFile; fileRef = 8D0DDC252DC4B52C00609738 /* UserRepo.swift */; };
		8D0DDC282DC4B59200609738 /* SigninViewModel.swift in Sources */ = {isa = PBXBuildFile; fileRef = 8D0DDC272DC4B59200609738 /* SigninViewModel.swift */; };
		8D5F433D2DC48D8000FAE3A9 /* AppRouter.swift in Sources */ = {isa = PBXBuildFile; fileRef = 8D5F433C2DC48D8000FAE3A9 /* AppRouter.swift */; };
		8D6EDAF62DC4968300033A98 /* OnboardingView.swift in Sources */ = {isa = PBXBuildFile; fileRef = 8D6EDAF52DC4968300033A98 /* OnboardingView.swift */; };
		8D783A1A2DC37028003C3E94 /* HomeView.swift in Sources */ = {isa = PBXBuildFile; fileRef = 8D783A192DC37028003C3E94 /* HomeView.swift */; };
		8D783A1D2DC37046003C3E94 /* Colors.swift in Sources */ = {isa = PBXBuildFile; fileRef = 8D783A1C2DC37046003C3E94 /* Colors.swift */; };
		8D783A1F2DC3704F003C3E94 /* Images.swift in Sources */ = {isa = PBXBuildFile; fileRef = 8D783A1E2DC3704F003C3E94 /* Images.swift */; };
		8D783A252DC373B3003C3E94 /* Customer.swift in Sources */ = {isa = PBXBuildFile; fileRef = 8D783A242DC373B3003C3E94 /* Customer.swift */; };
		8D783A272DC37470003C3E94 /* Technician.swift in Sources */ = {isa = PBXBuildFile; fileRef = 8D783A262DC37470003C3E94 /* Technician.swift */; };
		8D783A292DC3748F003C3E94 /* Transaction.swift in Sources */ = {isa = PBXBuildFile; fileRef = 8D783A282DC3748F003C3E94 /* Transaction.swift */; };
		8D783A2D2DC374B7003C3E94 /* TempTechnicianChat.swift in Sources */ = {isa = PBXBuildFile; fileRef = 8D783A2C2DC374B7003C3E94 /* TempTechnicianChat.swift */; };
		8D783A2F2DC374CA003C3E94 /* Order.swift in Sources */ = {isa = PBXBuildFile; fileRef = 8D783A2E2DC374CA003C3E94 /* Order.swift */; };
		8D783A312DC374DE003C3E94 /* TechnicianRoomChat.swift in Sources */ = {isa = PBXBuildFile; fileRef = 8D783A302DC374DE003C3E94 /* TechnicianRoomChat.swift */; };
		8D783A342DC3793D003C3E94 /* TempConsultationChat.swift in Sources */ = {isa = PBXBuildFile; fileRef = 8D783A332DC3793D003C3E94 /* TempConsultationChat.swift */; };
		8D783A362DC37958003C3E94 /* ConsultationRoomChat.swift in Sources */ = {isa = PBXBuildFile; fileRef = 8D783A352DC37958003C3E94 /* ConsultationRoomChat.swift */; };
		8D783A392DC39A5B003C3E94 /* FirebaseFirestore in Frameworks */ = {isa = PBXBuildFile; productRef = 8D783A382DC39A5B003C3E94 /* FirebaseFirestore */; };
		8D783A3B2DC39B8C003C3E94 /* Feedback.swift in Sources */ = {isa = PBXBuildFile; fileRef = 8D783A3A2DC39B8B003C3E94 /* Feedback.swift */; };
		8D783A3D2DC39D2C003C3E94 /* ServiceType.swift in Sources */ = {isa = PBXBuildFile; fileRef = 8D783A3C2DC39D2C003C3E94 /* ServiceType.swift */; };
		8D783A402DC39F03003C3E94 /* User.swift in Sources */ = {isa = PBXBuildFile; fileRef = 8D783A3F2DC39F03003C3E94 /* User.swift */; };
		8D783A422DC39F63003C3E94 /* Address.swift in Sources */ = {isa = PBXBuildFile; fileRef = 8D783A412DC39F63003C3E94 /* Address.swift */; };
		8D783A442DC3AFF0003C3E94 /* Service.swift in Sources */ = {isa = PBXBuildFile; fileRef = 8D783A432DC3AFF0003C3E94 /* Service.swift */; };
		8D783A4A2DC3BD05003C3E94 /* Order+Helpers.swift in Sources */ = {isa = PBXBuildFile; fileRef = 8D783A492DC3BD05003C3E94 /* Order+Helpers.swift */; };
		8D783A4C2DC3BD10003C3E94 /* Transaction+Helper.swift in Sources */ = {isa = PBXBuildFile; fileRef = 8D783A4B2DC3BD10003C3E94 /* Transaction+Helper.swift */; };
		8D783A4E2DC3C2F7003C3E94 /* ElectronicProblems+Helper.swift in Sources */ = {isa = PBXBuildFile; fileRef = 8D783A4D2DC3C2F7003C3E94 /* ElectronicProblems+Helper.swift */; };
		8D783A502DC3CCB2003C3E94 /* Voucher.swift in Sources */ = {isa = PBXBuildFile; fileRef = 8D783A4F2DC3CCB2003C3E94 /* Voucher.swift */; };
		8D783A522DC3D336003C3E94 /* Chat+Helper.swift in Sources */ = {isa = PBXBuildFile; fileRef = 8D783A512DC3D336003C3E94 /* Chat+Helper.swift */; };
		8D783A552DC3DC3C003C3E94 /* OrderRequest.swift in Sources */ = {isa = PBXBuildFile; fileRef = 8D783A542DC3DC3C003C3E94 /* OrderRequest.swift */; };
		8D783A5B2DC3E727003C3E94 /* CardView.swift in Sources */ = {isa = PBXBuildFile; fileRef = 8D783A582DC3E727003C3E94 /* CardView.swift */; };
		8D783A5C2DC3E727003C3E94 /* CardViewModel.swift in Sources */ = {isa = PBXBuildFile; fileRef = 8D783A592DC3E727003C3E94 /* CardViewModel.swift */; };
		8D783A5D2DC3E727003C3E94 /* CardHistoryView.swift in Sources */ = {isa = PBXBuildFile; fileRef = 8D783A5A2DC3E727003C3E94 /* CardHistoryView.swift */; };
		8D783A5F2DC3E91C003C3E94 /* SFProDisplayFontModifier.swift in Sources */ = {isa = PBXBuildFile; fileRef = 8D783A5E2DC3E91C003C3E94 /* SFProDisplayFontModifier.swift */; };
		8D783A612DC3E931003C3E94 /* CornerRadiusModifier.swift in Sources */ = {isa = PBXBuildFile; fileRef = 8D783A602DC3E931003C3E94 /* CornerRadiusModifier.swift */; };
		8D783A642DC3EA5B003C3E94 /* CardHistoryViewModel.swift in Sources */ = {isa = PBXBuildFile; fileRef = 8D783A632DC3EA5B003C3E94 /* CardHistoryViewModel.swift */; };
		8D783A662DC3EE64003C3E94 /* MenuBarView.swift in Sources */ = {isa = PBXBuildFile; fileRef = 8D783A652DC3EE64003C3E94 /* MenuBarView.swift */; };
		8D7A91B22DC5ADA0003C0DCA /* AddressRepo.swift in Sources */ = {isa = PBXBuildFile; fileRef = 8D7A91B12DC5ADA0003C0DCA /* AddressRepo.swift */; };
		8D90B6B62DC40BDB00D7E88E /* String+Validation.swift in Sources */ = {isa = PBXBuildFile; fileRef = 8D90B6B52DC40BDB00D7E88E /* String+Validation.swift */; };
		8D90B6BC2DC4161D00D7E88E /* GoogleService-Info.plist in Resources */ = {isa = PBXBuildFile; fileRef = 8D90B6BB2DC4161D00D7E88E /* GoogleService-Info.plist */; };
		8DAADFFD2DC45B7B00554C0C /* UserViewModel.swift in Sources */ = {isa = PBXBuildFile; fileRef = 8DAADFFC2DC45B7B00554C0C /* UserViewModel.swift */; };
		8DAAE0012DC45C4E00554C0C /* UserViewModel+Helper.swift in Sources */ = {isa = PBXBuildFile; fileRef = 8DAAE0002DC45C4E00554C0C /* UserViewModel+Helper.swift */; };
		8DDF7C392DC4177900113C72 /* FirebaseAuth in Frameworks */ = {isa = PBXBuildFile; productRef = 8DDF7C382DC4177900113C72 /* FirebaseAuth */; };
/* End PBXBuildFile section */

/* Begin PBXFileReference section */
		8D03E3ED2DC3679A00F9ECBC /* BenerinAja.app */ = {isa = PBXFileReference; explicitFileType = wrapper.application; includeInIndex = 0; path = BenerinAja.app; sourceTree = BUILT_PRODUCTS_DIR; };
		8D03E3F02DC3679B00F9ECBC /* BenerinAjaApp.swift */ = {isa = PBXFileReference; lastKnownFileType = sourcecode.swift; path = BenerinAjaApp.swift; sourceTree = "<group>"; };
		8D03E3F22DC3679B00F9ECBC /* ContentView.swift */ = {isa = PBXFileReference; lastKnownFileType = sourcecode.swift; path = ContentView.swift; sourceTree = "<group>"; };
		8D03E3F42DC367A200F9ECBC /* Assets.xcassets */ = {isa = PBXFileReference; lastKnownFileType = folder.assetcatalog; path = Assets.xcassets; sourceTree = "<group>"; };
		8D03E3F72DC367A200F9ECBC /* Preview Assets.xcassets */ = {isa = PBXFileReference; lastKnownFileType = folder.assetcatalog; path = "Preview Assets.xcassets"; sourceTree = "<group>"; };
		8D0DDC082DC4A37200609738 /* OnboardingViewModel.swift */ = {isa = PBXFileReference; lastKnownFileType = sourcecode.swift; path = OnboardingViewModel.swift; sourceTree = "<group>"; };
		8D0DDC102DC4AB7500609738 /* CategoryView.swift */ = {isa = PBXFileReference; lastKnownFileType = sourcecode.swift; path = CategoryView.swift; sourceTree = "<group>"; };
		8D0DDC132DC4ABA200609738 /* HistoryView.swift */ = {isa = PBXFileReference; lastKnownFileType = sourcecode.swift; path = HistoryView.swift; sourceTree = "<group>"; };
		8D0DDC152DC4ABB100609738 /* ChatView.swift */ = {isa = PBXFileReference; lastKnownFileType = sourcecode.swift; path = ChatView.swift; sourceTree = "<group>"; };
		8D0DDC192DC4AC4800609738 /* SigninView.swift */ = {isa = PBXFileReference; lastKnownFileType = sourcecode.swift; path = SigninView.swift; sourceTree = "<group>"; };
		8D0DDC1F2DC4AEAA00609738 /* AuthRepo.swift */ = {isa = PBXFileReference; lastKnownFileType = sourcecode.swift; path = AuthRepo.swift; sourceTree = "<group>"; };
		8D0DDC212DC4AF7000609738 /* AppState.swift */ = {isa = PBXFileReference; lastKnownFileType = sourcecode.swift; path = AppState.swift; sourceTree = "<group>"; };
		8D0DDC252DC4B52C00609738 /* UserRepo.swift */ = {isa = PBXFileReference; lastKnownFileType = sourcecode.swift; path = UserRepo.swift; sourceTree = "<group>"; };
		8D0DDC272DC4B59200609738 /* SigninViewModel.swift */ = {isa = PBXFileReference; lastKnownFileType = sourcecode.swift; path = SigninViewModel.swift; sourceTree = "<group>"; };
		8D5F433C2DC48D8000FAE3A9 /* AppRouter.swift */ = {isa = PBXFileReference; lastKnownFileType = sourcecode.swift; path = AppRouter.swift; sourceTree = "<group>"; };
		8D6EDAF52DC4968300033A98 /* OnboardingView.swift */ = {isa = PBXFileReference; lastKnownFileType = sourcecode.swift; path = OnboardingView.swift; sourceTree = "<group>"; };
		8D783A192DC37028003C3E94 /* HomeView.swift */ = {isa = PBXFileReference; lastKnownFileType = sourcecode.swift; path = HomeView.swift; sourceTree = "<group>"; };
		8D783A1C2DC37046003C3E94 /* Colors.swift */ = {isa = PBXFileReference; lastKnownFileType = sourcecode.swift; path = Colors.swift; sourceTree = "<group>"; };
		8D783A1E2DC3704F003C3E94 /* Images.swift */ = {isa = PBXFileReference; lastKnownFileType = sourcecode.swift; path = Images.swift; sourceTree = "<group>"; };
		8D783A242DC373B3003C3E94 /* Customer.swift */ = {isa = PBXFileReference; lastKnownFileType = sourcecode.swift; path = Customer.swift; sourceTree = "<group>"; };
		8D783A262DC37470003C3E94 /* Technician.swift */ = {isa = PBXFileReference; lastKnownFileType = sourcecode.swift; path = Technician.swift; sourceTree = "<group>"; };
		8D783A282DC3748F003C3E94 /* Transaction.swift */ = {isa = PBXFileReference; lastKnownFileType = sourcecode.swift; name = Transaction.swift; path = ../../../../../../../../Users/calderaly/Documents/Transaction.swift; sourceTree = "<group>"; };
		8D783A2C2DC374B7003C3E94 /* TempTechnicianChat.swift */ = {isa = PBXFileReference; lastKnownFileType = sourcecode.swift; path = TempTechnicianChat.swift; sourceTree = "<group>"; };
		8D783A2E2DC374CA003C3E94 /* Order.swift */ = {isa = PBXFileReference; lastKnownFileType = sourcecode.swift; path = Order.swift; sourceTree = "<group>"; };
		8D783A302DC374DE003C3E94 /* TechnicianRoomChat.swift */ = {isa = PBXFileReference; lastKnownFileType = sourcecode.swift; path = TechnicianRoomChat.swift; sourceTree = "<group>"; };
		8D783A332DC3793D003C3E94 /* TempConsultationChat.swift */ = {isa = PBXFileReference; lastKnownFileType = sourcecode.swift; path = TempConsultationChat.swift; sourceTree = "<group>"; };
		8D783A352DC37958003C3E94 /* ConsultationRoomChat.swift */ = {isa = PBXFileReference; lastKnownFileType = sourcecode.swift; path = ConsultationRoomChat.swift; sourceTree = "<group>"; };
		8D783A3A2DC39B8B003C3E94 /* Feedback.swift */ = {isa = PBXFileReference; lastKnownFileType = sourcecode.swift; path = Feedback.swift; sourceTree = "<group>"; };
		8D783A3C2DC39D2C003C3E94 /* ServiceType.swift */ = {isa = PBXFileReference; lastKnownFileType = sourcecode.swift; path = ServiceType.swift; sourceTree = "<group>"; };
		8D783A3F2DC39F03003C3E94 /* User.swift */ = {isa = PBXFileReference; lastKnownFileType = sourcecode.swift; path = User.swift; sourceTree = "<group>"; };
		8D783A412DC39F63003C3E94 /* Address.swift */ = {isa = PBXFileReference; lastKnownFileType = sourcecode.swift; path = Address.swift; sourceTree = "<group>"; };
		8D783A432DC3AFF0003C3E94 /* Service.swift */ = {isa = PBXFileReference; lastKnownFileType = sourcecode.swift; path = Service.swift; sourceTree = "<group>"; };
		8D783A492DC3BD05003C3E94 /* Order+Helpers.swift */ = {isa = PBXFileReference; lastKnownFileType = sourcecode.swift; path = "Order+Helpers.swift"; sourceTree = "<group>"; };
		8D783A4B2DC3BD10003C3E94 /* Transaction+Helper.swift */ = {isa = PBXFileReference; lastKnownFileType = sourcecode.swift; path = "Transaction+Helper.swift"; sourceTree = "<group>"; };
		8D783A4D2DC3C2F7003C3E94 /* ElectronicProblems+Helper.swift */ = {isa = PBXFileReference; lastKnownFileType = sourcecode.swift; path = "ElectronicProblems+Helper.swift"; sourceTree = "<group>"; };
		8D783A4F2DC3CCB2003C3E94 /* Voucher.swift */ = {isa = PBXFileReference; lastKnownFileType = sourcecode.swift; path = Voucher.swift; sourceTree = "<group>"; };
		8D783A512DC3D336003C3E94 /* Chat+Helper.swift */ = {isa = PBXFileReference; lastKnownFileType = sourcecode.swift; path = "Chat+Helper.swift"; sourceTree = "<group>"; };
		8D783A542DC3DC3C003C3E94 /* OrderRequest.swift */ = {isa = PBXFileReference; lastKnownFileType = sourcecode.swift; path = OrderRequest.swift; sourceTree = "<group>"; };
		8D783A582DC3E727003C3E94 /* CardView.swift */ = {isa = PBXFileReference; fileEncoding = 4; lastKnownFileType = sourcecode.swift; path = CardView.swift; sourceTree = "<group>"; };
		8D783A592DC3E727003C3E94 /* CardViewModel.swift */ = {isa = PBXFileReference; fileEncoding = 4; lastKnownFileType = sourcecode.swift; path = CardViewModel.swift; sourceTree = "<group>"; };
		8D783A5A2DC3E727003C3E94 /* CardHistoryView.swift */ = {isa = PBXFileReference; fileEncoding = 4; lastKnownFileType = sourcecode.swift; path = CardHistoryView.swift; sourceTree = "<group>"; };
		8D783A5E2DC3E91C003C3E94 /* SFProDisplayFontModifier.swift */ = {isa = PBXFileReference; fileEncoding = 4; lastKnownFileType = sourcecode.swift; path = SFProDisplayFontModifier.swift; sourceTree = "<group>"; };
		8D783A602DC3E931003C3E94 /* CornerRadiusModifier.swift */ = {isa = PBXFileReference; lastKnownFileType = sourcecode.swift; path = CornerRadiusModifier.swift; sourceTree = "<group>"; };
		8D783A632DC3EA5B003C3E94 /* CardHistoryViewModel.swift */ = {isa = PBXFileReference; lastKnownFileType = sourcecode.swift; path = CardHistoryViewModel.swift; sourceTree = "<group>"; };
		8D783A652DC3EE64003C3E94 /* MenuBarView.swift */ = {isa = PBXFileReference; fileEncoding = 4; lastKnownFileType = sourcecode.swift; path = MenuBarView.swift; sourceTree = "<group>"; };
		8D7A91B12DC5ADA0003C0DCA /* AddressRepo.swift */ = {isa = PBXFileReference; lastKnownFileType = sourcecode.swift; path = AddressRepo.swift; sourceTree = "<group>"; };
		8D90B6B52DC40BDB00D7E88E /* String+Validation.swift */ = {isa = PBXFileReference; lastKnownFileType = sourcecode.swift; path = "String+Validation.swift"; sourceTree = "<group>"; };
		8D90B6BB2DC4161D00D7E88E /* GoogleService-Info.plist */ = {isa = PBXFileReference; fileEncoding = 4; lastKnownFileType = text.plist.xml; name = "GoogleService-Info.plist"; path = "../../../../../../../Users/calderaly/Downloads/GoogleService-Info.plist"; sourceTree = "<group>"; };
		8DAADFFC2DC45B7B00554C0C /* UserViewModel.swift */ = {isa = PBXFileReference; lastKnownFileType = sourcecode.swift; path = UserViewModel.swift; sourceTree = "<group>"; };
		8DAAE0002DC45C4E00554C0C /* UserViewModel+Helper.swift */ = {isa = PBXFileReference; lastKnownFileType = sourcecode.swift; path = "UserViewModel+Helper.swift"; sourceTree = "<group>"; };
		8DF74F162DC4721600803F59 /* Info.plist */ = {isa = PBXFileReference; lastKnownFileType = text.plist; path = Info.plist; sourceTree = "<group>"; };
		BDD7A01C0B7633432A456A79 /* Pods_BenerinAja.framework */ = {isa = PBXFileReference; explicitFileType = wrapper.framework; includeInIndex = 0; path = Pods_BenerinAja.framework; sourceTree = BUILT_PRODUCTS_DIR; };
		C39C3AC415BFA82C829C786D /* Pods-BenerinAja.debug.xcconfig */ = {isa = PBXFileReference; includeInIndex = 1; lastKnownFileType = text.xcconfig; name = "Pods-BenerinAja.debug.xcconfig"; path = "Target Support Files/Pods-BenerinAja/Pods-BenerinAja.debug.xcconfig"; sourceTree = "<group>"; };
		E19412E04E5AF70BCD675A9B /* Pods-BenerinAja.release.xcconfig */ = {isa = PBXFileReference; includeInIndex = 1; lastKnownFileType = text.xcconfig; name = "Pods-BenerinAja.release.xcconfig"; path = "Target Support Files/Pods-BenerinAja/Pods-BenerinAja.release.xcconfig"; sourceTree = "<group>"; };
/* End PBXFileReference section */

/* Begin PBXFrameworksBuildPhase section */
		8D03E3EA2DC3679A00F9ECBC /* Frameworks */ = {
			isa = PBXFrameworksBuildPhase;
			buildActionMask = 2147483647;
			files = (
				8D03E4062DC3691100F9ECBC /* FirebaseAppCheck in Frameworks */,
				8D03E4002DC3691100F9ECBC /* FirebaseAnalytics in Frameworks */,
				8D03E4082DC3691100F9ECBC /* FirebaseAppDistribution-Beta in Frameworks */,
				8D03E4042DC3691100F9ECBC /* FirebaseAnalyticsWithoutAdIdSupport in Frameworks */,
				8D03E4022DC3691100F9ECBC /* FirebaseAnalyticsOnDeviceConversion in Frameworks */,
				8DDF7C392DC4177900113C72 /* FirebaseAuth in Frameworks */,
				8D783A392DC39A5B003C3E94 /* FirebaseFirestore in Frameworks */,
				1C2C0780AA0155FE66D21B9A /* Pods_BenerinAja.framework in Frameworks */,
			);
			runOnlyForDeploymentPostprocessing = 0;
		};
/* End PBXFrameworksBuildPhase section */

/* Begin PBXGroup section */
		8D03E3E42DC3679A00F9ECBC = {
			isa = PBXGroup;
			children = (
				8D03E3EF2DC3679B00F9ECBC /* BenerinAja */,
				8D03E3EE2DC3679A00F9ECBC /* Products */,
				8D783A372DC39A5B003C3E94 /* Frameworks */,
				A4B3EE0240E63BBC6394C44F /* Pods */,
			);
			sourceTree = "<group>";
		};
		8D03E3EE2DC3679A00F9ECBC /* Products */ = {
			isa = PBXGroup;
			children = (
				8D03E3ED2DC3679A00F9ECBC /* BenerinAja.app */,
			);
			name = Products;
			sourceTree = "<group>";
		};
		8D03E3EF2DC3679B00F9ECBC /* BenerinAja */ = {
			isa = PBXGroup;
			children = (
				8DF74F162DC4721600803F59 /* Info.plist */,
				8DAAE0022DC461E700554C0C /* Shared */,
				8D0DDC1D2DC4AE7F00609738 /* Data */,
				8DAADFFB2DC45B2800554C0C /* ViewModel */,
				8D783A232DC373A3003C3E94 /* Models */,
				8D783A152DC37001003C3E94 /* Feature */,
				8D783A132DC36FEE003C3E94 /* Common */,
				8D03E3F02DC3679B00F9ECBC /* BenerinAjaApp.swift */,
				8D03E3F22DC3679B00F9ECBC /* ContentView.swift */,
				8D90B6BB2DC4161D00D7E88E /* GoogleService-Info.plist */,
				8D03E3F42DC367A200F9ECBC /* Assets.xcassets */,
				8D03E3F62DC367A200F9ECBC /* Preview Content */,
			);
			path = BenerinAja;
			sourceTree = "<group>";
		};
		8D03E3F62DC367A200F9ECBC /* Preview Content */ = {
			isa = PBXGroup;
			children = (
				8D03E3F72DC367A200F9ECBC /* Preview Assets.xcassets */,
			);
			path = "Preview Content";
			sourceTree = "<group>";
		};
		8D0DDC072DC4A22A00609738 /* Profile */ = {
			isa = PBXGroup;
			children = (
			);
			path = Profile;
			sourceTree = "<group>";
		};
		8D0DDC0F2DC4AB3600609738 /* Category */ = {
			isa = PBXGroup;
			children = (
				8D0DDC102DC4AB7500609738 /* CategoryView.swift */,
			);
			path = Category;
			sourceTree = "<group>";
		};
		8D0DDC122DC4AB9700609738 /* History */ = {
			isa = PBXGroup;
			children = (
				8D0DDC132DC4ABA200609738 /* HistoryView.swift */,
			);
			path = History;
			sourceTree = "<group>";
		};
		8D0DDC172DC4ABEA00609738 /* Chat */ = {
			isa = PBXGroup;
			children = (
				8D0DDC152DC4ABB100609738 /* ChatView.swift */,
			);
			path = Chat;
			sourceTree = "<group>";
		};
		8D0DDC182DC4AC3400609738 /* Signin */ = {
			isa = PBXGroup;
			children = (
				8D0DDC192DC4AC4800609738 /* SigninView.swift */,
				8D0DDC272DC4B59200609738 /* SigninViewModel.swift */,
			);
			path = Signin;
			sourceTree = "<group>";
		};
		8D0DDC1D2DC4AE7F00609738 /* Data */ = {
			isa = PBXGroup;
			children = (
				8D0DDC1E2DC4AE8700609738 /* Repository */,
			);
			path = Data;
			sourceTree = "<group>";
		};
		8D0DDC1E2DC4AE8700609738 /* Repository */ = {
			isa = PBXGroup;
			children = (
				8D0DDC1F2DC4AEAA00609738 /* AuthRepo.swift */,
				8D0DDC252DC4B52C00609738 /* UserRepo.swift */,
				8D7A91B12DC5ADA0003C0DCA /* AddressRepo.swift */,
			);
			path = Repository;
			sourceTree = "<group>";
		};
		8D5F433B2DC48D6800FAE3A9 /* Core */ = {
			isa = PBXGroup;
			children = (
				8D5F433C2DC48D8000FAE3A9 /* AppRouter.swift */,
				8D0DDC212DC4AF7000609738 /* AppState.swift */,
			);
			path = Core;
			sourceTree = "<group>";
		};
		8D6EDAF22DC4953200033A98 /* Main */ = {
			isa = PBXGroup;
			children = (
				8D6EDAF52DC4968300033A98 /* OnboardingView.swift */,
				8D0DDC082DC4A37200609738 /* OnboardingViewModel.swift */,
			);
			path = Main;
			sourceTree = "<group>";
		};
		8D6EDAF42DC4954F00033A98 /* Home */ = {
			isa = PBXGroup;
			children = (
				8D783A192DC37028003C3E94 /* HomeView.swift */,
			);
			path = Home;
			sourceTree = "<group>";
		};
		8D783A122DC36FC4003C3E94 /* Modifiers */ = {
			isa = PBXGroup;
			children = (
				8D783A5E2DC3E91C003C3E94 /* SFProDisplayFontModifier.swift */,
				8D783A602DC3E931003C3E94 /* CornerRadiusModifier.swift */,
			);
			path = Modifiers;
			sourceTree = "<group>";
		};
		8D783A132DC36FEE003C3E94 /* Common */ = {
			isa = PBXGroup;
			children = (
				8D783A1B2DC37038003C3E94 /* Components */,
				8D783A1C2DC37046003C3E94 /* Colors.swift */,
				8D783A1E2DC3704F003C3E94 /* Images.swift */,
			);
			path = Common;
			sourceTree = "<group>";
		};
		8D783A152DC37001003C3E94 /* Feature */ = {
			isa = PBXGroup;
			children = (
				8D0DDC172DC4ABEA00609738 /* Chat */,
				8D0DDC122DC4AB9700609738 /* History */,
				8D0DDC0F2DC4AB3600609738 /* Category */,
				8D0DDC182DC4AC3400609738 /* Signin */,
				8D0DDC072DC4A22A00609738 /* Profile */,
				8D6EDAF42DC4954F00033A98 /* Home */,
				8D6EDAF22DC4953200033A98 /* Main */,
			);
			path = Feature;
			sourceTree = "<group>";
		};
		8D783A1B2DC37038003C3E94 /* Components */ = {
			isa = PBXGroup;
			children = (
				8D783A652DC3EE64003C3E94 /* MenuBarView.swift */,
				8D783A562DC3E6F9003C3E94 /* Cards */,
			);
			path = Components;
			sourceTree = "<group>";
		};
		8D783A232DC373A3003C3E94 /* Models */ = {
			isa = PBXGroup;
			children = (
				8D783A302DC374DE003C3E94 /* TechnicianRoomChat.swift */,
				8D783A352DC37958003C3E94 /* ConsultationRoomChat.swift */,
				8D783A2C2DC374B7003C3E94 /* TempTechnicianChat.swift */,
				8D783A332DC3793D003C3E94 /* TempConsultationChat.swift */,
				8D783A242DC373B3003C3E94 /* Customer.swift */,
				8D783A262DC37470003C3E94 /* Technician.swift */,
				8D783A3F2DC39F03003C3E94 /* User.swift */,
				8D783A412DC39F63003C3E94 /* Address.swift */,
				8D783A3C2DC39D2C003C3E94 /* ServiceType.swift */,
				8D783A432DC3AFF0003C3E94 /* Service.swift */,
				8D783A2E2DC374CA003C3E94 /* Order.swift */,
				8D783A542DC3DC3C003C3E94 /* OrderRequest.swift */,
				8D783A282DC3748F003C3E94 /* Transaction.swift */,
				8D783A3A2DC39B8B003C3E94 /* Feedback.swift */,
				8D783A4F2DC3CCB2003C3E94 /* Voucher.swift */,
			);
			path = Models;
			sourceTree = "<group>";
		};
		8D783A372DC39A5B003C3E94 /* Frameworks */ = {
			isa = PBXGroup;
			children = (
				BDD7A01C0B7633432A456A79 /* Pods_BenerinAja.framework */,
			);
			name = Frameworks;
			sourceTree = "<group>";
		};
		8D783A482DC3BCF3003C3E94 /* Helpers */ = {
			isa = PBXGroup;
			children = (
				8D783A492DC3BD05003C3E94 /* Order+Helpers.swift */,
				8D783A4B2DC3BD10003C3E94 /* Transaction+Helper.swift */,
				8D783A4D2DC3C2F7003C3E94 /* ElectronicProblems+Helper.swift */,
				8D783A512DC3D336003C3E94 /* Chat+Helper.swift */,
				8DAAE0002DC45C4E00554C0C /* UserViewModel+Helper.swift */,
			);
			path = Helpers;
			sourceTree = "<group>";
		};
		8D783A562DC3E6F9003C3E94 /* Cards */ = {
			isa = PBXGroup;
			children = (
				8D783A622DC3EA42003C3E94 /* ViewModel */,
				8D783A5A2DC3E727003C3E94 /* CardHistoryView.swift */,
				8D783A582DC3E727003C3E94 /* CardView.swift */,
			);
			path = Cards;
			sourceTree = "<group>";
		};
		8D783A622DC3EA42003C3E94 /* ViewModel */ = {
			isa = PBXGroup;
			children = (
				8D783A592DC3E727003C3E94 /* CardViewModel.swift */,
				8D783A632DC3EA5B003C3E94 /* CardHistoryViewModel.swift */,
			);
			path = ViewModel;
			sourceTree = "<group>";
		};
		8D90B6B42DC40BCA00D7E88E /* Extensions */ = {
			isa = PBXGroup;
			children = (
				8D90B6B52DC40BDB00D7E88E /* String+Validation.swift */,
			);
			path = Extensions;
			sourceTree = "<group>";
		};
		8DAADFFB2DC45B2800554C0C /* ViewModel */ = {
			isa = PBXGroup;
			children = (
				8DAADFFC2DC45B7B00554C0C /* UserViewModel.swift */,
			);
			path = ViewModel;
			sourceTree = "<group>";
		};
		8DAAE0022DC461E700554C0C /* Shared */ = {
			isa = PBXGroup;
			children = (
				8D5F433B2DC48D6800FAE3A9 /* Core */,
				8D783A122DC36FC4003C3E94 /* Modifiers */,
				8D783A482DC3BCF3003C3E94 /* Helpers */,
				8D90B6B42DC40BCA00D7E88E /* Extensions */,
			);
			path = Shared;
			sourceTree = "<group>";
		};
		A4B3EE0240E63BBC6394C44F /* Pods */ = {
			isa = PBXGroup;
			children = (
				C39C3AC415BFA82C829C786D /* Pods-BenerinAja.debug.xcconfig */,
				E19412E04E5AF70BCD675A9B /* Pods-BenerinAja.release.xcconfig */,
			);
			path = Pods;
			sourceTree = "<group>";
		};
/* End PBXGroup section */

/* Begin PBXNativeTarget section */
		8D03E3EC2DC3679A00F9ECBC /* BenerinAja */ = {
			isa = PBXNativeTarget;
			buildConfigurationList = 8D03E3FB2DC367A200F9ECBC /* Build configuration list for PBXNativeTarget "BenerinAja" */;
			buildPhases = (
				FA94F3D91E2F94F7903D92B1 /* [CP] Check Pods Manifest.lock */,
				8D03E3E92DC3679A00F9ECBC /* Sources */,
				8D03E3EA2DC3679A00F9ECBC /* Frameworks */,
				8D03E3EB2DC3679A00F9ECBC /* Resources */,
				5BD455C5D9C0212327DA0075 /* [CP] Embed Pods Frameworks */,
			);
			buildRules = (
			);
			dependencies = (
			);
			name = BenerinAja;
			packageProductDependencies = (
				8D03E3FF2DC3691100F9ECBC /* FirebaseAnalytics */,
				8D03E4012DC3691100F9ECBC /* FirebaseAnalyticsOnDeviceConversion */,
				8D03E4032DC3691100F9ECBC /* FirebaseAnalyticsWithoutAdIdSupport */,
				8D03E4052DC3691100F9ECBC /* FirebaseAppCheck */,
				8D03E4072DC3691100F9ECBC /* FirebaseAppDistribution-Beta */,
				8D783A382DC39A5B003C3E94 /* FirebaseFirestore */,
				8DDF7C382DC4177900113C72 /* FirebaseAuth */,
			);
			productName = BenerinAja;
			productReference = 8D03E3ED2DC3679A00F9ECBC /* BenerinAja.app */;
			productType = "com.apple.product-type.application";
		};
/* End PBXNativeTarget section */

/* Begin PBXProject section */
		8D03E3E52DC3679A00F9ECBC /* Project object */ = {
			isa = PBXProject;
			attributes = {
				BuildIndependentTargetsInParallel = 1;
				LastSwiftUpdateCheck = 1500;
				LastUpgradeCheck = 1500;
				TargetAttributes = {
					8D03E3EC2DC3679A00F9ECBC = {
						CreatedOnToolsVersion = 15.0.1;
					};
				};
			};
			buildConfigurationList = 8D03E3E82DC3679A00F9ECBC /* Build configuration list for PBXProject "BenerinAja" */;
			compatibilityVersion = "Xcode 14.0";
			developmentRegion = en;
			hasScannedForEncodings = 0;
			knownRegions = (
				en,
				Base,
			);
			mainGroup = 8D03E3E42DC3679A00F9ECBC;
			packageReferences = (
				8D03E3FE2DC3690400F9ECBC /* XCRemoteSwiftPackageReference "firebase-ios-sdk" */,
			);
			productRefGroup = 8D03E3EE2DC3679A00F9ECBC /* Products */;
			projectDirPath = "";
			projectRoot = "";
			targets = (
				8D03E3EC2DC3679A00F9ECBC /* BenerinAja */,
			);
		};
/* End PBXProject section */

/* Begin PBXResourcesBuildPhase section */
		8D03E3EB2DC3679A00F9ECBC /* Resources */ = {
			isa = PBXResourcesBuildPhase;
			buildActionMask = 2147483647;
			files = (
				8D03E3F82DC367A200F9ECBC /* Preview Assets.xcassets in Resources */,
				8D03E3F52DC367A200F9ECBC /* Assets.xcassets in Resources */,
				8D90B6BC2DC4161D00D7E88E /* GoogleService-Info.plist in Resources */,
			);
			runOnlyForDeploymentPostprocessing = 0;
		};
/* End PBXResourcesBuildPhase section */

/* Begin PBXShellScriptBuildPhase section */
		5BD455C5D9C0212327DA0075 /* [CP] Embed Pods Frameworks */ = {
			isa = PBXShellScriptBuildPhase;
			buildActionMask = 2147483647;
			files = (
			);
			inputFileListPaths = (
				"${PODS_ROOT}/Target Support Files/Pods-BenerinAja/Pods-BenerinAja-frameworks-${CONFIGURATION}-input-files.xcfilelist",
			);
			name = "[CP] Embed Pods Frameworks";
			outputFileListPaths = (
				"${PODS_ROOT}/Target Support Files/Pods-BenerinAja/Pods-BenerinAja-frameworks-${CONFIGURATION}-output-files.xcfilelist",
			);
			runOnlyForDeploymentPostprocessing = 0;
			shellPath = /bin/sh;
			shellScript = "\"${PODS_ROOT}/Target Support Files/Pods-BenerinAja/Pods-BenerinAja-frameworks.sh\"\n";
			showEnvVarsInLog = 0;
		};
		FA94F3D91E2F94F7903D92B1 /* [CP] Check Pods Manifest.lock */ = {
			isa = PBXShellScriptBuildPhase;
			buildActionMask = 2147483647;
			files = (
			);
			inputFileListPaths = (
			);
			inputPaths = (
				"${PODS_PODFILE_DIR_PATH}/Podfile.lock",
				"${PODS_ROOT}/Manifest.lock",
			);
			name = "[CP] Check Pods Manifest.lock";
			outputFileListPaths = (
			);
			outputPaths = (
				"$(DERIVED_FILE_DIR)/Pods-BenerinAja-checkManifestLockResult.txt",
			);
			runOnlyForDeploymentPostprocessing = 0;
			shellPath = /bin/sh;
			shellScript = "diff \"${PODS_PODFILE_DIR_PATH}/Podfile.lock\" \"${PODS_ROOT}/Manifest.lock\" > /dev/null\nif [ $? != 0 ] ; then\n    # print error to STDERR\n    echo \"error: The sandbox is not in sync with the Podfile.lock. Run 'pod install' or update your CocoaPods installation.\" >&2\n    exit 1\nfi\n# This output is used by Xcode 'outputs' to avoid re-running this script phase.\necho \"SUCCESS\" > \"${SCRIPT_OUTPUT_FILE_0}\"\n";
			showEnvVarsInLog = 0;
		};
/* End PBXShellScriptBuildPhase section */

/* Begin PBXSourcesBuildPhase section */
		8D03E3E92DC3679A00F9ECBC /* Sources */ = {
			isa = PBXSourcesBuildPhase;
			buildActionMask = 2147483647;
			files = (
				8D783A5F2DC3E91C003C3E94 /* SFProDisplayFontModifier.swift in Sources */,
				8D783A422DC39F63003C3E94 /* Address.swift in Sources */,
				8D783A642DC3EA5B003C3E94 /* CardHistoryViewModel.swift in Sources */,
				8D783A2D2DC374B7003C3E94 /* TempTechnicianChat.swift in Sources */,
				8D0DDC162DC4ABB100609738 /* ChatView.swift in Sources */,
				8D90B6B62DC40BDB00D7E88E /* String+Validation.swift in Sources */,
				8D783A312DC374DE003C3E94 /* TechnicianRoomChat.swift in Sources */,
				8D0DDC092DC4A37200609738 /* OnboardingViewModel.swift in Sources */,
				8D783A3B2DC39B8C003C3E94 /* Feedback.swift in Sources */,
				8D783A4A2DC3BD05003C3E94 /* Order+Helpers.swift in Sources */,
				8D783A362DC37958003C3E94 /* ConsultationRoomChat.swift in Sources */,
				8D783A1A2DC37028003C3E94 /* HomeView.swift in Sources */,
				8DAAE0012DC45C4E00554C0C /* UserViewModel+Helper.swift in Sources */,
				8D783A522DC3D336003C3E94 /* Chat+Helper.swift in Sources */,
				8D783A5C2DC3E727003C3E94 /* CardViewModel.swift in Sources */,
				8D0DDC112DC4AB7500609738 /* CategoryView.swift in Sources */,
				8D783A502DC3CCB2003C3E94 /* Voucher.swift in Sources */,
				8D783A342DC3793D003C3E94 /* TempConsultationChat.swift in Sources */,
				8D783A272DC37470003C3E94 /* Technician.swift in Sources */,
				8D783A612DC3E931003C3E94 /* CornerRadiusModifier.swift in Sources */,
				8D0DDC222DC4AF7000609738 /* AppState.swift in Sources */,
				8D783A4E2DC3C2F7003C3E94 /* ElectronicProblems+Helper.swift in Sources */,
				8D783A552DC3DC3C003C3E94 /* OrderRequest.swift in Sources */,
				8D5F433D2DC48D8000FAE3A9 /* AppRouter.swift in Sources */,
				8D783A662DC3EE64003C3E94 /* MenuBarView.swift in Sources */,
				8D6EDAF62DC4968300033A98 /* OnboardingView.swift in Sources */,
				8D783A402DC39F03003C3E94 /* User.swift in Sources */,
				8D783A3D2DC39D2C003C3E94 /* ServiceType.swift in Sources */,
				8D7A91B22DC5ADA0003C0DCA /* AddressRepo.swift in Sources */,
				8D783A2F2DC374CA003C3E94 /* Order.swift in Sources */,
				8D783A1D2DC37046003C3E94 /* Colors.swift in Sources */,
				8D0DDC202DC4AEAA00609738 /* AuthRepo.swift in Sources */,
				8D783A1F2DC3704F003C3E94 /* Images.swift in Sources */,
				8D783A442DC3AFF0003C3E94 /* Service.swift in Sources */,
				8D03E3F32DC3679B00F9ECBC /* ContentView.swift in Sources */,
				8D0DDC282DC4B59200609738 /* SigninViewModel.swift in Sources */,
				8D783A5B2DC3E727003C3E94 /* CardView.swift in Sources */,
				8D783A5D2DC3E727003C3E94 /* CardHistoryView.swift in Sources */,
				8D0DDC262DC4B52C00609738 /* UserRepo.swift in Sources */,
				8D0DDC142DC4ABA200609738 /* HistoryView.swift in Sources */,
				8D03E3F12DC3679B00F9ECBC /* BenerinAjaApp.swift in Sources */,
				8D783A252DC373B3003C3E94 /* Customer.swift in Sources */,
				8DAADFFD2DC45B7B00554C0C /* UserViewModel.swift in Sources */,
				8D783A292DC3748F003C3E94 /* Transaction.swift in Sources */,
				8D0DDC1A2DC4AC4800609738 /* SigninView.swift in Sources */,
				8D783A4C2DC3BD10003C3E94 /* Transaction+Helper.swift in Sources */,
			);
			runOnlyForDeploymentPostprocessing = 0;
		};
/* End PBXSourcesBuildPhase section */

/* Begin XCBuildConfiguration section */
		8D03E3F92DC367A200F9ECBC /* Debug */ = {
			isa = XCBuildConfiguration;
			buildSettings = {
				ALWAYS_SEARCH_USER_PATHS = NO;
				ASSETCATALOG_COMPILER_GENERATE_SWIFT_ASSET_SYMBOL_EXTENSIONS = YES;
				CLANG_ANALYZER_NONNULL = YES;
				CLANG_ANALYZER_NUMBER_OBJECT_CONVERSION = YES_AGGRESSIVE;
				CLANG_CXX_LANGUAGE_STANDARD = "gnu++20";
				CLANG_ENABLE_MODULES = YES;
				CLANG_ENABLE_OBJC_ARC = YES;
				CLANG_ENABLE_OBJC_WEAK = YES;
				CLANG_WARN_BLOCK_CAPTURE_AUTORELEASING = YES;
				CLANG_WARN_BOOL_CONVERSION = YES;
				CLANG_WARN_COMMA = YES;
				CLANG_WARN_CONSTANT_CONVERSION = YES;
				CLANG_WARN_DEPRECATED_OBJC_IMPLEMENTATIONS = YES;
				CLANG_WARN_DIRECT_OBJC_ISA_USAGE = YES_ERROR;
				CLANG_WARN_DOCUMENTATION_COMMENTS = YES;
				CLANG_WARN_EMPTY_BODY = YES;
				CLANG_WARN_ENUM_CONVERSION = YES;
				CLANG_WARN_INFINITE_RECURSION = YES;
				CLANG_WARN_INT_CONVERSION = YES;
				CLANG_WARN_NON_LITERAL_NULL_CONVERSION = YES;
				CLANG_WARN_OBJC_IMPLICIT_RETAIN_SELF = YES;
				CLANG_WARN_OBJC_LITERAL_CONVERSION = YES;
				CLANG_WARN_OBJC_ROOT_CLASS = YES_ERROR;
				CLANG_WARN_QUOTED_INCLUDE_IN_FRAMEWORK_HEADER = YES;
				CLANG_WARN_RANGE_LOOP_ANALYSIS = YES;
				CLANG_WARN_STRICT_PROTOTYPES = YES;
				CLANG_WARN_SUSPICIOUS_MOVE = YES;
				CLANG_WARN_UNGUARDED_AVAILABILITY = YES_AGGRESSIVE;
				CLANG_WARN_UNREACHABLE_CODE = YES;
				CLANG_WARN__DUPLICATE_METHOD_MATCH = YES;
				COPY_PHASE_STRIP = NO;
				DEBUG_INFORMATION_FORMAT = dwarf;
				ENABLE_STRICT_OBJC_MSGSEND = YES;
				ENABLE_TESTABILITY = YES;
				ENABLE_USER_SCRIPT_SANDBOXING = YES;
				GCC_C_LANGUAGE_STANDARD = gnu17;
				GCC_DYNAMIC_NO_PIC = NO;
				GCC_NO_COMMON_BLOCKS = YES;
				GCC_OPTIMIZATION_LEVEL = 0;
				GCC_PREPROCESSOR_DEFINITIONS = (
					"DEBUG=1",
					"$(inherited)",
				);
				GCC_WARN_64_TO_32_BIT_CONVERSION = YES;
				GCC_WARN_ABOUT_RETURN_TYPE = YES_ERROR;
				GCC_WARN_UNDECLARED_SELECTOR = YES;
				GCC_WARN_UNINITIALIZED_AUTOS = YES_AGGRESSIVE;
				GCC_WARN_UNUSED_FUNCTION = YES;
				GCC_WARN_UNUSED_VARIABLE = YES;
				IPHONEOS_DEPLOYMENT_TARGET = 17.0;
				LOCALIZATION_PREFERS_STRING_CATALOGS = YES;
				MTL_ENABLE_DEBUG_INFO = INCLUDE_SOURCE;
				MTL_FAST_MATH = YES;
				ONLY_ACTIVE_ARCH = YES;
				SDKROOT = iphoneos;
				SWIFT_ACTIVE_COMPILATION_CONDITIONS = "DEBUG $(inherited)";
				SWIFT_OPTIMIZATION_LEVEL = "-Onone";
			};
			name = Debug;
		};
		8D03E3FA2DC367A200F9ECBC /* Release */ = {
			isa = XCBuildConfiguration;
			buildSettings = {
				ALWAYS_SEARCH_USER_PATHS = NO;
				ASSETCATALOG_COMPILER_GENERATE_SWIFT_ASSET_SYMBOL_EXTENSIONS = YES;
				CLANG_ANALYZER_NONNULL = YES;
				CLANG_ANALYZER_NUMBER_OBJECT_CONVERSION = YES_AGGRESSIVE;
				CLANG_CXX_LANGUAGE_STANDARD = "gnu++20";
				CLANG_ENABLE_MODULES = YES;
				CLANG_ENABLE_OBJC_ARC = YES;
				CLANG_ENABLE_OBJC_WEAK = YES;
				CLANG_WARN_BLOCK_CAPTURE_AUTORELEASING = YES;
				CLANG_WARN_BOOL_CONVERSION = YES;
				CLANG_WARN_COMMA = YES;
				CLANG_WARN_CONSTANT_CONVERSION = YES;
				CLANG_WARN_DEPRECATED_OBJC_IMPLEMENTATIONS = YES;
				CLANG_WARN_DIRECT_OBJC_ISA_USAGE = YES_ERROR;
				CLANG_WARN_DOCUMENTATION_COMMENTS = YES;
				CLANG_WARN_EMPTY_BODY = YES;
				CLANG_WARN_ENUM_CONVERSION = YES;
				CLANG_WARN_INFINITE_RECURSION = YES;
				CLANG_WARN_INT_CONVERSION = YES;
				CLANG_WARN_NON_LITERAL_NULL_CONVERSION = YES;
				CLANG_WARN_OBJC_IMPLICIT_RETAIN_SELF = YES;
				CLANG_WARN_OBJC_LITERAL_CONVERSION = YES;
				CLANG_WARN_OBJC_ROOT_CLASS = YES_ERROR;
				CLANG_WARN_QUOTED_INCLUDE_IN_FRAMEWORK_HEADER = YES;
				CLANG_WARN_RANGE_LOOP_ANALYSIS = YES;
				CLANG_WARN_STRICT_PROTOTYPES = YES;
				CLANG_WARN_SUSPICIOUS_MOVE = YES;
				CLANG_WARN_UNGUARDED_AVAILABILITY = YES_AGGRESSIVE;
				CLANG_WARN_UNREACHABLE_CODE = YES;
				CLANG_WARN__DUPLICATE_METHOD_MATCH = YES;
				COPY_PHASE_STRIP = NO;
				DEBUG_INFORMATION_FORMAT = "dwarf-with-dsym";
				ENABLE_NS_ASSERTIONS = NO;
				ENABLE_STRICT_OBJC_MSGSEND = YES;
				ENABLE_USER_SCRIPT_SANDBOXING = YES;
				GCC_C_LANGUAGE_STANDARD = gnu17;
				GCC_NO_COMMON_BLOCKS = YES;
				GCC_WARN_64_TO_32_BIT_CONVERSION = YES;
				GCC_WARN_ABOUT_RETURN_TYPE = YES_ERROR;
				GCC_WARN_UNDECLARED_SELECTOR = YES;
				GCC_WARN_UNINITIALIZED_AUTOS = YES_AGGRESSIVE;
				GCC_WARN_UNUSED_FUNCTION = YES;
				GCC_WARN_UNUSED_VARIABLE = YES;
				IPHONEOS_DEPLOYMENT_TARGET = 17.0;
				LOCALIZATION_PREFERS_STRING_CATALOGS = YES;
				MTL_ENABLE_DEBUG_INFO = NO;
				MTL_FAST_MATH = YES;
				SDKROOT = iphoneos;
				SWIFT_COMPILATION_MODE = wholemodule;
				VALIDATE_PRODUCT = YES;
			};
			name = Release;
		};
		8D03E3FC2DC367A200F9ECBC /* Debug */ = {
			isa = XCBuildConfiguration;
			baseConfigurationReference = C39C3AC415BFA82C829C786D /* Pods-BenerinAja.debug.xcconfig */;
			buildSettings = {
				ASSETCATALOG_COMPILER_APPICON_NAME = AppIcon;
				ASSETCATALOG_COMPILER_GLOBAL_ACCENT_COLOR_NAME = AccentColor;
				CODE_SIGN_STYLE = Automatic;
				CURRENT_PROJECT_VERSION = 1;
				DEVELOPMENT_ASSET_PATHS = "\"BenerinAja/Preview Content\"";
				DEVELOPMENT_TEAM = MD4799W7K8;
				ENABLE_PREVIEWS = YES;
				GENERATE_INFOPLIST_FILE = YES;
				INFOPLIST_FILE = BenerinAja/Info.plist;
				INFOPLIST_KEY_CFBundleDisplayName = "Benerin Aja";
				INFOPLIST_KEY_LSApplicationCategoryType = "public.app-category.utilities";
				INFOPLIST_KEY_UIApplicationSceneManifest_Generation = YES;
				INFOPLIST_KEY_UIApplicationSupportsIndirectInputEvents = YES;
				INFOPLIST_KEY_UILaunchScreen_Generation = YES;
				INFOPLIST_KEY_UISupportedInterfaceOrientations_iPad = "UIInterfaceOrientationPortrait UIInterfaceOrientationPortraitUpsideDown UIInterfaceOrientationLandscapeLeft UIInterfaceOrientationLandscapeRight";
				INFOPLIST_KEY_UISupportedInterfaceOrientations_iPhone = "UIInterfaceOrientationPortrait UIInterfaceOrientationLandscapeLeft UIInterfaceOrientationLandscapeRight";
				IPHONEOS_DEPLOYMENT_TARGET = 16.5;
				LD_RUNPATH_SEARCH_PATHS = (
					"$(inherited)",
					"@executable_path/Frameworks",
				);
				MARKETING_VERSION = 1.0;
				"OTHER_SWIFT_FLAGS[sdk=iphoneos*]" = "\"-enable-experimental-feature AccessLevelOnImport\"";
				PRODUCT_BUNDLE_IDENTIFIER = com.team13.BenerinAja;
				PRODUCT_NAME = "$(TARGET_NAME)";
				SUPPORTED_PLATFORMS = "iphoneos iphonesimulator";
				SUPPORTS_MACCATALYST = NO;
				SUPPORTS_MAC_DESIGNED_FOR_IPHONE_IPAD = NO;
				SWIFT_EMIT_LOC_STRINGS = YES;
				SWIFT_VERSION = 5.0;
				TARGETED_DEVICE_FAMILY = 1;
			};
			name = Debug;
		};
		8D03E3FD2DC367A200F9ECBC /* Release */ = {
			isa = XCBuildConfiguration;
			baseConfigurationReference = E19412E04E5AF70BCD675A9B /* Pods-BenerinAja.release.xcconfig */;
			buildSettings = {
				ASSETCATALOG_COMPILER_APPICON_NAME = AppIcon;
				ASSETCATALOG_COMPILER_GLOBAL_ACCENT_COLOR_NAME = AccentColor;
				CODE_SIGN_STYLE = Automatic;
				CURRENT_PROJECT_VERSION = 1;
				DEVELOPMENT_ASSET_PATHS = "\"BenerinAja/Preview Content\"";
				DEVELOPMENT_TEAM = MD4799W7K8;
				ENABLE_PREVIEWS = YES;
				GENERATE_INFOPLIST_FILE = YES;
				INFOPLIST_FILE = BenerinAja/Info.plist;
				INFOPLIST_KEY_CFBundleDisplayName = "Benerin Aja";
				INFOPLIST_KEY_LSApplicationCategoryType = "public.app-category.utilities";
				INFOPLIST_KEY_UIApplicationSceneManifest_Generation = YES;
				INFOPLIST_KEY_UIApplicationSupportsIndirectInputEvents = YES;
				INFOPLIST_KEY_UILaunchScreen_Generation = YES;
				INFOPLIST_KEY_UISupportedInterfaceOrientations_iPad = "UIInterfaceOrientationPortrait UIInterfaceOrientationPortraitUpsideDown UIInterfaceOrientationLandscapeLeft UIInterfaceOrientationLandscapeRight";
				INFOPLIST_KEY_UISupportedInterfaceOrientations_iPhone = "UIInterfaceOrientationPortrait UIInterfaceOrientationLandscapeLeft UIInterfaceOrientationLandscapeRight";
				IPHONEOS_DEPLOYMENT_TARGET = 16.5;
				LD_RUNPATH_SEARCH_PATHS = (
					"$(inherited)",
					"@executable_path/Frameworks",
				);
				MARKETING_VERSION = 1.0;
				PRODUCT_BUNDLE_IDENTIFIER = com.team13.BenerinAja;
				PRODUCT_NAME = "$(TARGET_NAME)";
				SUPPORTED_PLATFORMS = "iphoneos iphonesimulator";
				SUPPORTS_MACCATALYST = NO;
				SUPPORTS_MAC_DESIGNED_FOR_IPHONE_IPAD = NO;
				SWIFT_EMIT_LOC_STRINGS = YES;
				SWIFT_VERSION = 5.0;
				TARGETED_DEVICE_FAMILY = 1;
			};
			name = Release;
		};
/* End XCBuildConfiguration section */

/* Begin XCConfigurationList section */
		8D03E3E82DC3679A00F9ECBC /* Build configuration list for PBXProject "BenerinAja" */ = {
			isa = XCConfigurationList;
			buildConfigurations = (
				8D03E3F92DC367A200F9ECBC /* Debug */,
				8D03E3FA2DC367A200F9ECBC /* Release */,
			);
			defaultConfigurationIsVisible = 0;
			defaultConfigurationName = Release;
		};
		8D03E3FB2DC367A200F9ECBC /* Build configuration list for PBXNativeTarget "BenerinAja" */ = {
			isa = XCConfigurationList;
			buildConfigurations = (
				8D03E3FC2DC367A200F9ECBC /* Debug */,
				8D03E3FD2DC367A200F9ECBC /* Release */,
			);
			defaultConfigurationIsVisible = 0;
			defaultConfigurationName = Release;
		};
/* End XCConfigurationList section */

/* Begin XCRemoteSwiftPackageReference section */
		8D03E3FE2DC3690400F9ECBC /* XCRemoteSwiftPackageReference "firebase-ios-sdk" */ = {
			isa = XCRemoteSwiftPackageReference;
			repositoryURL = "https://github.com/firebase/firebase-ios-sdk";
			requirement = {
				kind = exactVersion;
				version = 11.5.0;
			};
		};
/* End XCRemoteSwiftPackageReference section */

/* Begin XCSwiftPackageProductDependency section */
		8D03E3FF2DC3691100F9ECBC /* FirebaseAnalytics */ = {
			isa = XCSwiftPackageProductDependency;
			package = 8D03E3FE2DC3690400F9ECBC /* XCRemoteSwiftPackageReference "firebase-ios-sdk" */;
			productName = FirebaseAnalytics;
		};
		8D03E4012DC3691100F9ECBC /* FirebaseAnalyticsOnDeviceConversion */ = {
			isa = XCSwiftPackageProductDependency;
			package = 8D03E3FE2DC3690400F9ECBC /* XCRemoteSwiftPackageReference "firebase-ios-sdk" */;
			productName = FirebaseAnalyticsOnDeviceConversion;
		};
		8D03E4032DC3691100F9ECBC /* FirebaseAnalyticsWithoutAdIdSupport */ = {
			isa = XCSwiftPackageProductDependency;
			package = 8D03E3FE2DC3690400F9ECBC /* XCRemoteSwiftPackageReference "firebase-ios-sdk" */;
			productName = FirebaseAnalyticsWithoutAdIdSupport;
		};
		8D03E4052DC3691100F9ECBC /* FirebaseAppCheck */ = {
			isa = XCSwiftPackageProductDependency;
			package = 8D03E3FE2DC3690400F9ECBC /* XCRemoteSwiftPackageReference "firebase-ios-sdk" */;
			productName = FirebaseAppCheck;
		};
		8D03E4072DC3691100F9ECBC /* FirebaseAppDistribution-Beta */ = {
			isa = XCSwiftPackageProductDependency;
			package = 8D03E3FE2DC3690400F9ECBC /* XCRemoteSwiftPackageReference "firebase-ios-sdk" */;
			productName = "FirebaseAppDistribution-Beta";
		};
		8D783A382DC39A5B003C3E94 /* FirebaseFirestore */ = {
			isa = XCSwiftPackageProductDependency;
			package = 8D03E3FE2DC3690400F9ECBC /* XCRemoteSwiftPackageReference "firebase-ios-sdk" */;
			productName = FirebaseFirestore;
		};
		8DDF7C382DC4177900113C72 /* FirebaseAuth */ = {
			isa = XCSwiftPackageProductDependency;
			package = 8D03E3FE2DC3690400F9ECBC /* XCRemoteSwiftPackageReference "firebase-ios-sdk" */;
			productName = FirebaseAuth;
		};
/* End XCSwiftPackageProductDependency section */
	};
	rootObject = 8D03E3E52DC3679A00F9ECBC /* Project object */;
}
